
Microsoft Visual Studio Solution File, Format Version 12.00
# Visual Studio Version 17
VisualStudioVersion = 17.14.36109.1 d17.14
MinimumVisualStudioVersion = 10.0.40219.1
Project("{FAE04EC0-301F-11D3-BF4B-00C04F79EFBC}") = "LotteryArchive", "LotteryArchive.csproj", "{C7E713AA-A6F9-5F22-E2A4-E5AC9026554D}"
EndProject
Project("{FAE04EC0-301F-11D3-BF4B-00C04F79EFBC}") = "Model", "..\Model\Model.csproj", "{19C7C86B-88DA-9A98-B57D-7FA23AB4DA69}"
EndProject
Global
	GlobalSection(SolutionConfigurationPlatforms) = preSolution
		Debug|Any CPU = Debug|Any CPU
		Release|Any CPU = Release|Any CPU
	EndGlobalSection
	GlobalSection(ProjectConfigurationPlatforms) = postSolution
		{C7E713AA-A6F9-5F22-E2A4-E5AC9026554D}.Debug|Any CPU.ActiveCfg = Debug|Any CPU
		{C7E713AA-A6F9-5F22-E2A4-E5AC9026554D}.Debug|Any CPU.Build.0 = Debug|Any CPU
		{C7E713AA-A6F9-5F22-E2A4-E5AC9026554D}.Release|Any CPU.ActiveCfg = Release|Any CPU
		{C7E713AA-A6F9-5F22-E2A4-E5AC9026554D}.Release|Any CPU.Build.0 = Release|Any CPU
		{19C7C86B-88DA-9A98-B57D-7FA23AB4DA69}.Debug|Any CPU.ActiveCfg = Debug|Any CPU
		{19C7C86B-88DA-9A98-B57D-7FA23AB4DA69}.Debug|Any CPU.Build.0 = Debug|Any CPU
		{19C7C86B-88DA-9A98-B57D-7FA23AB4DA69}.Release|Any CPU.ActiveCfg = Release|Any CPU
		{19C7C86B-88DA-9A98-B57D-7FA23AB4DA69}.Release|Any CPU.Build.0 = Release|Any CPU
	EndGlobalSection
	GlobalSection(SolutionProperties) = preSolution
		HideSolutionNode = FALSE
	EndGlobalSection
	GlobalSection(ExtensibilityGlobals) = postSolution
		SolutionGuid = {2D0208B2-C28D-4E75-B1BF-5AC662C4F0CC}
	EndGlobalSection
EndGlobal
